// !$*UTF8*$!
{
	archiveVersion = 1;
	classes = {
	};
	objectVersion = 51;
	objects = {

/* Begin PBXBuildFile section */
		19F41BAB9EC07927E9984315 /* Pods_Hackadeira.framework in Frameworks */ = {isa = PBXBuildFile; fileRef = 30126DF1076ADC2307B8CEB8 /* Pods_Hackadeira.framework */; };
		D9223E7A2377172B00601FCD /* AppDelegate.swift in Sources */ = {isa = PBXBuildFile; fileRef = D9223E792377172B00601FCD /* AppDelegate.swift */; };
		D9223E7C2377172B00601FCD /* SceneDelegate.swift in Sources */ = {isa = PBXBuildFile; fileRef = D9223E7B2377172B00601FCD /* SceneDelegate.swift */; };
		D9223E7E2377172B00601FCD /* PlantsController.swift in Sources */ = {isa = PBXBuildFile; fileRef = D9223E7D2377172B00601FCD /* PlantsController.swift */; };
		D9223E812377172B00601FCD /* Main.storyboard in Resources */ = {isa = PBXBuildFile; fileRef = D9223E7F2377172B00601FCD /* Main.storyboard */; };
		D9223E832377172E00601FCD /* Assets.xcassets in Resources */ = {isa = PBXBuildFile; fileRef = D9223E822377172E00601FCD /* Assets.xcassets */; };
		D9223E862377172E00601FCD /* LaunchScreen.storyboard in Resources */ = {isa = PBXBuildFile; fileRef = D9223E842377172E00601FCD /* LaunchScreen.storyboard */; };
		D9223E98237727FB00601FCD /* Plant.swift in Sources */ = {isa = PBXBuildFile; fileRef = D9223E97237727FB00601FCD /* Plant.swift */; };
		D9223E9E23773A7000601FCD /* MockData.swift in Sources */ = {isa = PBXBuildFile; fileRef = D9223E9D23773A7000601FCD /* MockData.swift */; };
		D9223EA023773CD200601FCD /* PlantController.swift in Sources */ = {isa = PBXBuildFile; fileRef = D9223E9F23773CD200601FCD /* PlantController.swift */; };
		D9223EA7237753CA00601FCD /* PlantCardCell.swift in Sources */ = {isa = PBXBuildFile; fileRef = D9223EA5237753CA00601FCD /* PlantCardCell.swift */; };
		D9223EA8237753CA00601FCD /* PlantCardCell.xib in Resources */ = {isa = PBXBuildFile; fileRef = D9223EA6237753CA00601FCD /* PlantCardCell.xib */; };
		D9B1A54423784FC30001CE3F /* URLSessionExtension.swift in Sources */ = {isa = PBXBuildFile; fileRef = D9B1A54323784FC30001CE3F /* URLSessionExtension.swift */; };
/* End PBXBuildFile section */

/* Begin PBXFileReference section */
		30126DF1076ADC2307B8CEB8 /* Pods_Hackadeira.framework */ = {isa = PBXFileReference; explicitFileType = wrapper.framework; includeInIndex = 0; path = Pods_Hackadeira.framework; sourceTree = BUILT_PRODUCTS_DIR; };
		832A4F036C0AD3FFFA574DFC /* Pods-Hackadeira.release.xcconfig */ = {isa = PBXFileReference; includeInIndex = 1; lastKnownFileType = text.xcconfig; name = "Pods-Hackadeira.release.xcconfig"; path = "Target Support Files/Pods-Hackadeira/Pods-Hackadeira.release.xcconfig"; sourceTree = "<group>"; };
		C85149EEB9B064374EF4584E /* Pods-Hackadeira.debug.xcconfig */ = {isa = PBXFileReference; includeInIndex = 1; lastKnownFileType = text.xcconfig; name = "Pods-Hackadeira.debug.xcconfig"; path = "Target Support Files/Pods-Hackadeira/Pods-Hackadeira.debug.xcconfig"; sourceTree = "<group>"; };
		D9223E762377172B00601FCD /* Flora.app */ = {isa = PBXFileReference; explicitFileType = wrapper.application; includeInIndex = 0; path = Flora.app; sourceTree = BUILT_PRODUCTS_DIR; };
		D9223E792377172B00601FCD /* AppDelegate.swift */ = {isa = PBXFileReference; lastKnownFileType = sourcecode.swift; path = AppDelegate.swift; sourceTree = "<group>"; };
		D9223E7B2377172B00601FCD /* SceneDelegate.swift */ = {isa = PBXFileReference; lastKnownFileType = sourcecode.swift; path = SceneDelegate.swift; sourceTree = "<group>"; };
		D9223E7D2377172B00601FCD /* PlantsController.swift */ = {isa = PBXFileReference; lastKnownFileType = sourcecode.swift; path = PlantsController.swift; sourceTree = "<group>"; };
		D9223E802377172B00601FCD /* Base */ = {isa = PBXFileReference; lastKnownFileType = file.storyboard; name = Base; path = Base.lproj/Main.storyboard; sourceTree = "<group>"; };
		D9223E822377172E00601FCD /* Assets.xcassets */ = {isa = PBXFileReference; lastKnownFileType = folder.assetcatalog; path = Assets.xcassets; sourceTree = "<group>"; };
		D9223E852377172E00601FCD /* Base */ = {isa = PBXFileReference; lastKnownFileType = file.storyboard; name = Base; path = Base.lproj/LaunchScreen.storyboard; sourceTree = "<group>"; };
		D9223E872377172E00601FCD /* Info.plist */ = {isa = PBXFileReference; lastKnownFileType = text.plist.xml; path = Info.plist; sourceTree = "<group>"; };
		D9223E97237727FB00601FCD /* Plant.swift */ = {isa = PBXFileReference; lastKnownFileType = sourcecode.swift; path = Plant.swift; sourceTree = "<group>"; };
		D9223E9D23773A7000601FCD /* MockData.swift */ = {isa = PBXFileReference; lastKnownFileType = sourcecode.swift; path = MockData.swift; sourceTree = "<group>"; };
		D9223E9F23773CD200601FCD /* PlantController.swift */ = {isa = PBXFileReference; lastKnownFileType = sourcecode.swift; path = PlantController.swift; sourceTree = "<group>"; };
		D9223EA5237753CA00601FCD /* PlantCardCell.swift */ = {isa = PBXFileReference; lastKnownFileType = sourcecode.swift; path = PlantCardCell.swift; sourceTree = "<group>"; };
		D9223EA6237753CA00601FCD /* PlantCardCell.xib */ = {isa = PBXFileReference; lastKnownFileType = file.xib; path = PlantCardCell.xib; sourceTree = "<group>"; };
		D9B1A54323784FC30001CE3F /* URLSessionExtension.swift */ = {isa = PBXFileReference; lastKnownFileType = sourcecode.swift; path = URLSessionExtension.swift; sourceTree = "<group>"; };
/* End PBXFileReference section */

/* Begin PBXFrameworksBuildPhase section */
		D9223E732377172B00601FCD /* Frameworks */ = {
			isa = PBXFrameworksBuildPhase;
			buildActionMask = 2147483647;
			files = (
				19F41BAB9EC07927E9984315 /* Pods_Hackadeira.framework in Frameworks */,
			);
			runOnlyForDeploymentPostprocessing = 0;
		};
/* End PBXFrameworksBuildPhase section */

/* Begin PBXGroup section */
		9899FFD32B6107FE2556D454 /* Frameworks */ = {
			isa = PBXGroup;
			children = (
				30126DF1076ADC2307B8CEB8 /* Pods_Hackadeira.framework */,
			);
			name = Frameworks;
			sourceTree = "<group>";
		};
		D9223E6D2377172A00601FCD = {
			isa = PBXGroup;
			children = (
				D9223E782377172B00601FCD /* Hackadeira */,
				D9223E772377172B00601FCD /* Products */,
				F88B09E58E9E6FE1B82FD26F /* Pods */,
				9899FFD32B6107FE2556D454 /* Frameworks */,
			);
			sourceTree = "<group>";
		};
		D9223E772377172B00601FCD /* Products */ = {
			isa = PBXGroup;
			children = (
				D9223E762377172B00601FCD /* Flora.app */,
			);
			name = Products;
			sourceTree = "<group>";
		};
		D9223E782377172B00601FCD /* Hackadeira */ = {
			isa = PBXGroup;
			children = (
				D9223E8D2377174600601FCD /* Application */,
				D9223E8E2377174D00601FCD /* Controllers */,
				D9223E9423771AC200601FCD /* Utils */,
				D9223E8F2377175200601FCD /* Interface */,
			);
			path = Hackadeira;
			sourceTree = "<group>";
		};
		D9223E8D2377174600601FCD /* Application */ = {
			isa = PBXGroup;
			children = (
				D9223E792377172B00601FCD /* AppDelegate.swift */,
				D9223E822377172E00601FCD /* Assets.xcassets */,
				D9223E872377172E00601FCD /* Info.plist */,
				D9223E7B2377172B00601FCD /* SceneDelegate.swift */,
			);
			path = Application;
			sourceTree = "<group>";
		};
		D9223E8E2377174D00601FCD /* Controllers */ = {
			isa = PBXGroup;
			children = (
				D9223EA5237753CA00601FCD /* PlantCardCell.swift */,
				D9223E9F23773CD200601FCD /* PlantController.swift */,
				D9223E7D2377172B00601FCD /* PlantsController.swift */,
			);
			path = Controllers;
			sourceTree = "<group>";
		};
		D9223E8F2377175200601FCD /* Interface */ = {
			isa = PBXGroup;
			children = (
				D9223E842377172E00601FCD /* LaunchScreen.storyboard */,
				D9223E7F2377172B00601FCD /* Main.storyboard */,
				D9223EA6237753CA00601FCD /* PlantCardCell.xib */,
			);
			path = Interface;
			sourceTree = "<group>";
		};
		D9223E9423771AC200601FCD /* Utils */ = {
			isa = PBXGroup;
			children = (
				D9223E9D23773A7000601FCD /* MockData.swift */,
				D9223E97237727FB00601FCD /* Plant.swift */,
				D9B1A54323784FC30001CE3F /* URLSessionExtension.swift */,
			);
			path = Utils;
			sourceTree = "<group>";
		};
		F88B09E58E9E6FE1B82FD26F /* Pods */ = {
			isa = PBXGroup;
			children = (
				C85149EEB9B064374EF4584E /* Pods-Hackadeira.debug.xcconfig */,
				832A4F036C0AD3FFFA574DFC /* Pods-Hackadeira.release.xcconfig */,
			);
			path = Pods;
			sourceTree = "<group>";
		};
/* End PBXGroup section */

/* Begin PBXNativeTarget section */
		D9223E752377172B00601FCD /* Hackadeira */ = {
			isa = PBXNativeTarget;
			buildConfigurationList = D9223E8A2377172E00601FCD /* Build configuration list for PBXNativeTarget "Hackadeira" */;
			buildPhases = (
				28D224E09024C649C742E34A /* [CP] Check Pods Manifest.lock */,
				D9223E722377172B00601FCD /* Sources */,
				D9223E732377172B00601FCD /* Frameworks */,
				D9223E742377172B00601FCD /* Resources */,
				3BB3CB2E9997ED33858CCD10 /* [CP] Embed Pods Frameworks */,
			);
			buildRules = (
			);
			dependencies = (
			);
			name = Hackadeira;
			productName = hackadeira;
			productReference = D9223E762377172B00601FCD /* Flora.app */;
			productType = "com.apple.product-type.application";
		};
/* End PBXNativeTarget section */

/* Begin PBXProject section */
		D9223E6E2377172A00601FCD /* Project object */ = {
			isa = PBXProject;
			attributes = {
				LastSwiftUpdateCheck = 1120;
				LastUpgradeCheck = 1120;
				ORGANIZATIONNAME = hackadeira;
				TargetAttributes = {
					D9223E752377172B00601FCD = {
						CreatedOnToolsVersion = 11.2;
					};
				};
			};
			buildConfigurationList = D9223E712377172B00601FCD /* Build configuration list for PBXProject "Hackadeira" */;
			compatibilityVersion = "Xcode 9.3";
			developmentRegion = en;
			hasScannedForEncodings = 0;
			knownRegions = (
				en,
				Base,
			);
			mainGroup = D9223E6D2377172A00601FCD;
			productRefGroup = D9223E772377172B00601FCD /* Products */;
			projectDirPath = "";
			projectRoot = "";
			targets = (
				D9223E752377172B00601FCD /* Hackadeira */,
			);
		};
/* End PBXProject section */

/* Begin PBXResourcesBuildPhase section */
		D9223E742377172B00601FCD /* Resources */ = {
			isa = PBXResourcesBuildPhase;
			buildActionMask = 2147483647;
			files = (
				D9223E862377172E00601FCD /* LaunchScreen.storyboard in Resources */,
				D9223E832377172E00601FCD /* Assets.xcassets in Resources */,
				D9223E812377172B00601FCD /* Main.storyboard in Resources */,
				D9223EA8237753CA00601FCD /* PlantCardCell.xib in Resources */,
			);
			runOnlyForDeploymentPostprocessing = 0;
		};
/* End PBXResourcesBuildPhase section */

/* Begin PBXShellScriptBuildPhase section */
		28D224E09024C649C742E34A /* [CP] Check Pods Manifest.lock */ = {
			isa = PBXShellScriptBuildPhase;
			buildActionMask = 2147483647;
			files = (
			);
			inputFileListPaths = (
			);
			inputPaths = (
				"${PODS_PODFILE_DIR_PATH}/Podfile.lock",
				"${PODS_ROOT}/Manifest.lock",
			);
			name = "[CP] Check Pods Manifest.lock";
			outputFileListPaths = (
			);
			outputPaths = (
				"$(DERIVED_FILE_DIR)/Pods-Hackadeira-checkManifestLockResult.txt",
			);
			runOnlyForDeploymentPostprocessing = 0;
			shellPath = /bin/sh;
			shellScript = "diff \"${PODS_PODFILE_DIR_PATH}/Podfile.lock\" \"${PODS_ROOT}/Manifest.lock\" > /dev/null\nif [ $? != 0 ] ; then\n    # print error to STDERR\n    echo \"error: The sandbox is not in sync with the Podfile.lock. Run 'pod install' or update your CocoaPods installation.\" >&2\n    exit 1\nfi\n# This output is used by Xcode 'outputs' to avoid re-running this script phase.\necho \"SUCCESS\" > \"${SCRIPT_OUTPUT_FILE_0}\"\n";
			showEnvVarsInLog = 0;
		};
		3BB3CB2E9997ED33858CCD10 /* [CP] Embed Pods Frameworks */ = {
			isa = PBXShellScriptBuildPhase;
			buildActionMask = 2147483647;
			files = (
			);
			inputFileListPaths = (
				"${PODS_ROOT}/Target Support Files/Pods-Hackadeira/Pods-Hackadeira-frameworks-${CONFIGURATION}-input-files.xcfilelist",
			);
			name = "[CP] Embed Pods Frameworks";
			outputFileListPaths = (
				"${PODS_ROOT}/Target Support Files/Pods-Hackadeira/Pods-Hackadeira-frameworks-${CONFIGURATION}-output-files.xcfilelist",
			);
			runOnlyForDeploymentPostprocessing = 0;
			shellPath = /bin/sh;
			shellScript = "\"${PODS_ROOT}/Target Support Files/Pods-Hackadeira/Pods-Hackadeira-frameworks.sh\"\n";
			showEnvVarsInLog = 0;
		};
/* End PBXShellScriptBuildPhase section */

/* Begin PBXSourcesBuildPhase section */
		D9223E722377172B00601FCD /* Sources */ = {
			isa = PBXSourcesBuildPhase;
			buildActionMask = 2147483647;
			files = (
				D9B1A54423784FC30001CE3F /* URLSessionExtension.swift in Sources */,
				D9223E7E2377172B00601FCD /* PlantsController.swift in Sources */,
				D9223E9E23773A7000601FCD /* MockData.swift in Sources */,
				D9223E98237727FB00601FCD /* Plant.swift in Sources */,
				D9223E7A2377172B00601FCD /* AppDelegate.swift in Sources */,
				D9223EA023773CD200601FCD /* PlantController.swift in Sources */,
				D9223E7C2377172B00601FCD /* SceneDelegate.swift in Sources */,
				D9223EA7237753CA00601FCD /* PlantCardCell.swift in Sources */,
			);
			runOnlyForDeploymentPostprocessing = 0;
		};
/* End PBXSourcesBuildPhase section */

/* Begin PBXVariantGroup section */
		D9223E7F2377172B00601FCD /* Main.storyboard */ = {
			isa = PBXVariantGroup;
			children = (
				D9223E802377172B00601FCD /* Base */,
			);
			name = Main.storyboard;
			sourceTree = "<group>";
		};
		D9223E842377172E00601FCD /* LaunchScreen.storyboard */ = {
			isa = PBXVariantGroup;
			children = (
				D9223E852377172E00601FCD /* Base */,
			);
			name = LaunchScreen.storyboard;
			sourceTree = "<group>";
		};
/* End PBXVariantGroup section */

/* Begin XCBuildConfiguration section */
		D9223E882377172E00601FCD /* Debug */ = {
			isa = XCBuildConfiguration;
			buildSettings = {
				ALWAYS_SEARCH_USER_PATHS = NO;
				CLANG_ANALYZER_NONNULL = YES;
				CLANG_ANALYZER_NUMBER_OBJECT_CONVERSION = YES_AGGRESSIVE;
				CLANG_CXX_LANGUAGE_STANDARD = "gnu++14";
				CLANG_CXX_LIBRARY = "libc++";
				CLANG_ENABLE_MODULES = YES;
				CLANG_ENABLE_OBJC_ARC = YES;
				CLANG_ENABLE_OBJC_WEAK = YES;
				CLANG_WARN_BLOCK_CAPTURE_AUTORELEASING = YES;
				CLANG_WARN_BOOL_CONVERSION = YES;
				CLANG_WARN_COMMA = YES;
				CLANG_WARN_CONSTANT_CONVERSION = YES;
				CLANG_WARN_DEPRECATED_OBJC_IMPLEMENTATIONS = YES;
				CLANG_WARN_DIRECT_OBJC_ISA_USAGE = YES_ERROR;
				CLANG_WARN_DOCUMENTATION_COMMENTS = YES;
				CLANG_WARN_EMPTY_BODY = YES;
				CLANG_WARN_ENUM_CONVERSION = YES;
				CLANG_WARN_INFINITE_RECURSION = YES;
				CLANG_WARN_INT_CONVERSION = YES;
				CLANG_WARN_NON_LITERAL_NULL_CONVERSION = YES;
				CLANG_WARN_OBJC_IMPLICIT_RETAIN_SELF = YES;
				CLANG_WARN_OBJC_LITERAL_CONVERSION = YES;
				CLANG_WARN_OBJC_ROOT_CLASS = YES_ERROR;
				CLANG_WARN_RANGE_LOOP_ANALYSIS = YES;
				CLANG_WARN_STRICT_PROTOTYPES = YES;
				CLANG_WARN_SUSPICIOUS_MOVE = YES;
				CLANG_WARN_UNGUARDED_AVAILABILITY = YES_AGGRESSIVE;
				CLANG_WARN_UNREACHABLE_CODE = YES;
				CLANG_WARN__DUPLICATE_METHOD_MATCH = YES;
				COPY_PHASE_STRIP = NO;
				DEBUG_INFORMATION_FORMAT = dwarf;
				ENABLE_STRICT_OBJC_MSGSEND = YES;
				ENABLE_TESTABILITY = YES;
				GCC_C_LANGUAGE_STANDARD = gnu11;
				GCC_DYNAMIC_NO_PIC = NO;
				GCC_NO_COMMON_BLOCKS = YES;
				GCC_OPTIMIZATION_LEVEL = 0;
				GCC_PREPROCESSOR_DEFINITIONS = (
					"DEBUG=1",
					"$(inherited)",
				);
				GCC_WARN_64_TO_32_BIT_CONVERSION = YES;
				GCC_WARN_ABOUT_RETURN_TYPE = YES_ERROR;
				GCC_WARN_UNDECLARED_SELECTOR = YES;
				GCC_WARN_UNINITIALIZED_AUTOS = YES_AGGRESSIVE;
				GCC_WARN_UNUSED_FUNCTION = YES;
				GCC_WARN_UNUSED_VARIABLE = YES;
				IPHONEOS_DEPLOYMENT_TARGET = 13.2;
				MTL_ENABLE_DEBUG_INFO = INCLUDE_SOURCE;
				MTL_FAST_MATH = YES;
				ONLY_ACTIVE_ARCH = YES;
				SDKROOT = iphoneos;
				SWIFT_ACTIVE_COMPILATION_CONDITIONS = DEBUG;
				SWIFT_OPTIMIZATION_LEVEL = "-Onone";
			};
			name = Debug;
		};
		D9223E892377172E00601FCD /* Release */ = {
			isa = XCBuildConfiguration;
			buildSettings = {
				ALWAYS_SEARCH_USER_PATHS = NO;
				CLANG_ANALYZER_NONNULL = YES;
				CLANG_ANALYZER_NUMBER_OBJECT_CONVERSION = YES_AGGRESSIVE;
				CLANG_CXX_LANGUAGE_STANDARD = "gnu++14";
				CLANG_CXX_LIBRARY = "libc++";
				CLANG_ENABLE_MODULES = YES;
				CLANG_ENABLE_OBJC_ARC = YES;
				CLANG_ENABLE_OBJC_WEAK = YES;
				CLANG_WARN_BLOCK_CAPTURE_AUTORELEASING = YES;
				CLANG_WARN_BOOL_CONVERSION = YES;
				CLANG_WARN_COMMA = YES;
				CLANG_WARN_CONSTANT_CONVERSION = YES;
				CLANG_WARN_DEPRECATED_OBJC_IMPLEMENTATIONS = YES;
				CLANG_WARN_DIRECT_OBJC_ISA_USAGE = YES_ERROR;
				CLANG_WARN_DOCUMENTATION_COMMENTS = YES;
				CLANG_WARN_EMPTY_BODY = YES;
				CLANG_WARN_ENUM_CONVERSION = YES;
				CLANG_WARN_INFINITE_RECURSION = YES;
				CLANG_WARN_INT_CONVERSION = YES;
				CLANG_WARN_NON_LITERAL_NULL_CONVERSION = YES;
				CLANG_WARN_OBJC_IMPLICIT_RETAIN_SELF = YES;
				CLANG_WARN_OBJC_LITERAL_CONVERSION = YES;
				CLANG_WARN_OBJC_ROOT_CLASS = YES_ERROR;
				CLANG_WARN_RANGE_LOOP_ANALYSIS = YES;
				CLANG_WARN_STRICT_PROTOTYPES = YES;
				CLANG_WARN_SUSPICIOUS_MOVE = YES;
				CLANG_WARN_UNGUARDED_AVAILABILITY = YES_AGGRESSIVE;
				CLANG_WARN_UNREACHABLE_CODE = YES;
				CLANG_WARN__DUPLICATE_METHOD_MATCH = YES;
				COPY_PHASE_STRIP = NO;
				DEBUG_INFORMATION_FORMAT = "dwarf-with-dsym";
				ENABLE_NS_ASSERTIONS = NO;
				ENABLE_STRICT_OBJC_MSGSEND = YES;
				GCC_C_LANGUAGE_STANDARD = gnu11;
				GCC_NO_COMMON_BLOCKS = YES;
				GCC_WARN_64_TO_32_BIT_CONVERSION = YES;
				GCC_WARN_ABOUT_RETURN_TYPE = YES_ERROR;
				GCC_WARN_UNDECLARED_SELECTOR = YES;
				GCC_WARN_UNINITIALIZED_AUTOS = YES_AGGRESSIVE;
				GCC_WARN_UNUSED_FUNCTION = YES;
				GCC_WARN_UNUSED_VARIABLE = YES;
				IPHONEOS_DEPLOYMENT_TARGET = 13.2;
				MTL_ENABLE_DEBUG_INFO = NO;
				MTL_FAST_MATH = YES;
				SDKROOT = iphoneos;
				SWIFT_COMPILATION_MODE = wholemodule;
				SWIFT_OPTIMIZATION_LEVEL = "-O";
				VALIDATE_PRODUCT = YES;
			};
			name = Release;
		};
		D9223E8B2377172E00601FCD /* Debug */ = {
			isa = XCBuildConfiguration;
			baseConfigurationReference = C85149EEB9B064374EF4584E /* Pods-Hackadeira.debug.xcconfig */;
			buildSettings = {
				ASSETCATALOG_COMPILER_APPICON_NAME = AppIcon;
				CODE_SIGN_STYLE = Automatic;
				DEVELOPMENT_TEAM = XP4ML92KUD;
				INFOPLIST_FILE = hackadeira/Application/Info.plist;
				IPHONEOS_DEPLOYMENT_TARGET = 13.1;
				LD_RUNPATH_SEARCH_PATHS = (
					"$(inherited)",
					"@executable_path/Frameworks",
				);
				PRODUCT_BUNDLE_IDENTIFIER = iot.hackadeira;
				PRODUCT_NAME = Flora;
				SWIFT_VERSION = 5.0;
				TARGETED_DEVICE_FAMILY = 1;
			};
			name = Debug;
		};
		D9223E8C2377172E00601FCD /* Release */ = {
			isa = XCBuildConfiguration;
			baseConfigurationReference = 832A4F036C0AD3FFFA574DFC /* Pods-Hackadeira.release.xcconfig */;
			buildSettings = {
				ASSETCATALOG_COMPILER_APPICON_NAME = AppIcon;
				CODE_SIGN_STYLE = Automatic;
				DEVELOPMENT_TEAM = XP4ML92KUD;
				INFOPLIST_FILE = hackadeira/Application/Info.plist;
				IPHONEOS_DEPLOYMENT_TARGET = 13.1;
				LD_RUNPATH_SEARCH_PATHS = (
					"$(inherited)",
					"@executable_path/Frameworks",
				);
				PRODUCT_BUNDLE_IDENTIFIER = iot.hackadeira;
				PRODUCT_NAME = Flora;
				SWIFT_VERSION = 5.0;
				TARGETED_DEVICE_FAMILY = 1;
			};
			name = Release;
		};
/* End XCBuildConfiguration section */

/* Begin XCConfigurationList section */
		D9223E712377172B00601FCD /* Build configuration list for PBXProject "Hackadeira" */ = {
			isa = XCConfigurationList;
			buildConfigurations = (
				D9223E882377172E00601FCD /* Debug */,
				D9223E892377172E00601FCD /* Release */,
			);
			defaultConfigurationIsVisible = 0;
			defaultConfigurationName = Release;
		};
		D9223E8A2377172E00601FCD /* Build configuration list for PBXNativeTarget "Hackadeira" */ = {
			isa = XCConfigurationList;
			buildConfigurations = (
				D9223E8B2377172E00601FCD /* Debug */,
				D9223E8C2377172E00601FCD /* Release */,
			);
			defaultConfigurationIsVisible = 0;
			defaultConfigurationName = Release;
		};
/* End XCConfigurationList section */
	};
	rootObject = D9223E6E2377172A00601FCD /* Project object */;
}
